
Microsoft Visual Studio Solution File, Format Version 12.00
# Visual Studio Version 16
VisualStudioVersion = 16.0.30907.101
MinimumVisualStudioVersion = 10.0.40219.1
Project("{FAE04EC0-301F-11D3-BF4B-00C04F79EFBC}") = "pdf_from_images", "pdf_from_images\pdf_from_images.csproj", "{D27B74C4-339D-4517-87C1-FA02A862EB95}"
EndProject
Global
	GlobalSection(SolutionConfigurationPlatforms) = preSolution
		Debug|Any CPU = Debug|Any CPU
		Release|Any CPU = Release|Any CPU
	EndGlobalSection
	GlobalSection(ProjectConfigurationPlatforms) = postSolution
		{D27B74C4-339D-4517-87C1-FA02A862EB95}.Debug|Any CPU.ActiveCfg = Debug|Any CPU
		{D27B74C4-339D-4517-87C1-FA02A862EB95}.Debug|Any CPU.Build.0 = Debug|Any CPU
		{D27B74C4-339D-4517-87C1-FA02A862EB95}.Release|Any CPU.ActiveCfg = Release|Any CPU
		{D27B74C4-339D-4517-87C1-FA02A862EB95}.Release|Any CPU.Build.0 = Release|Any CPU
	EndGlobalSection
	GlobalSection(SolutionProperties) = preSolution
		HideSolutionNode = FALSE
	EndGlobalSection
	GlobalSection(ExtensibilityGlobals) = postSolution
		SolutionGuid = {7B2F7E47-E939-4A97-8973-B74E21237470}
	EndGlobalSection
EndGlobal
